// !$*UTF8*$!
{
	archiveVersion = 1;
	classes = {
	};
	objectVersion = 46;
	objects = {

/* Begin PBXBuildFile section */
		113DD1078FBD17F5761A9855 /* VideoGrabber.cpp in Sources */ = {isa = PBXBuildFile; fileRef = 4AE5C285698BA66A91C7A302 /* VideoGrabber.cpp */; };
		2E77B1461E306519005D81A1 /* ofxVideoRecorder.cpp in Sources */ = {isa = PBXBuildFile; fileRef = 2E77B1441E306519005D81A1 /* ofxVideoRecorder.cpp */; };
		A2879E6F7C6EF163C3201D6E /* ofxXmlPoco.cpp in Sources */ = {isa = PBXBuildFile; fileRef = 58F91E300DCF0D2266BC29E5 /* ofxXmlPoco.cpp */; };
		E4328149138ABC9F0047C5CB /* openFrameworksDebug.a in Frameworks */ = {isa = PBXBuildFile; fileRef = E4328148138ABC890047C5CB /* openFrameworksDebug.a */; };
		E4B69E200A3A1BDC003C02F2 /* main.cpp in Sources */ = {isa = PBXBuildFile; fileRef = E4B69E1D0A3A1BDC003C02F2 /* main.cpp */; };
		E4B69E210A3A1BDC003C02F2 /* ofApp.cpp in Sources */ = {isa = PBXBuildFile; fileRef = E4B69E1E0A3A1BDC003C02F2 /* ofApp.cpp */; };
/* End PBXBuildFile section */

/* Begin PBXContainerItemProxy section */
		E4328147138ABC890047C5CB /* PBXContainerItemProxy */ = {
			isa = PBXContainerItemProxy;
			containerPortal = E4328143138ABC890047C5CB /* openFrameworksLib.xcodeproj */;
			proxyType = 2;
			remoteGlobalIDString = E4B27C1510CBEB8E00536013;
			remoteInfo = openFrameworks;
		};
		E4EEB9AB138B136A00A80321 /* PBXContainerItemProxy */ = {
			isa = PBXContainerItemProxy;
			containerPortal = E4328143138ABC890047C5CB /* openFrameworksLib.xcodeproj */;
			proxyType = 1;
			remoteGlobalIDString = E4B27C1410CBEB8E00536013;
			remoteInfo = openFrameworks;
		};
/* End PBXContainerItemProxy section */

/* Begin PBXCopyFilesBuildPhase section */
		E4C2427710CC5ABF004149E2 /* CopyFiles */ = {
			isa = PBXCopyFilesBuildPhase;
			buildActionMask = 2147483647;
			dstPath = "";
			dstSubfolderSpec = 10;
			files = (
			);
			runOnlyForDeploymentPostprocessing = 0;
		};
/* End PBXCopyFilesBuildPhase section */

/* Begin PBXFileReference section */
		036179F183E5885D92C3D6A6 /* rand.h */ = {isa = PBXFileReference; explicitFileType = sourcecode.c.h; fileEncoding = 30; name = rand.h; path = ../../openFrameworks/addons/ofxPoco/libs/openssl/include/openssl/rand.h; sourceTree = SOURCE_ROOT; };
		08E9768BD12E2AFD757312ED /* pem2.h */ = {isa = PBXFileReference; explicitFileType = sourcecode.c.h; fileEncoding = 30; name = pem2.h; path = ../../openFrameworks/addons/ofxPoco/libs/openssl/include/openssl/pem2.h; sourceTree = SOURCE_ROOT; };
		0A63B7879F7A08F4C8268F27 /* x509v3.h */ = {isa = PBXFileReference; explicitFileType = sourcecode.c.h; fileEncoding = 30; name = x509v3.h; path = ../../openFrameworks/addons/ofxPoco/libs/openssl/include/openssl/x509v3.h; sourceTree = SOURCE_ROOT; };
		0A8A7E4F797AA5C08FFAC79B /* krb5_asn.h */ = {isa = PBXFileReference; explicitFileType = sourcecode.c.h; fileEncoding = 30; name = krb5_asn.h; path = ../../openFrameworks/addons/ofxPoco/libs/openssl/include/openssl/krb5_asn.h; sourceTree = SOURCE_ROOT; };
		0B7F8B4A0C4E6F7841FFE67E /* stack.h */ = {isa = PBXFileReference; explicitFileType = sourcecode.c.h; fileEncoding = 30; name = stack.h; path = ../../openFrameworks/addons/ofxPoco/libs/openssl/include/openssl/stack.h; sourceTree = SOURCE_ROOT; };
		1004CD9AFC374C8C455F5955 /* err.h */ = {isa = PBXFileReference; explicitFileType = sourcecode.c.h; fileEncoding = 30; name = err.h; path = ../../openFrameworks/addons/ofxPoco/libs/openssl/include/openssl/err.h; sourceTree = SOURCE_ROOT; };
		1148FB663D0CDB923878CC9E /* safestack.h */ = {isa = PBXFileReference; explicitFileType = sourcecode.c.h; fileEncoding = 30; name = safestack.h; path = ../../openFrameworks/addons/ofxPoco/libs/openssl/include/openssl/safestack.h; sourceTree = SOURCE_ROOT; };
		125932C6275E165142CD6DB4 /* srp.h */ = {isa = PBXFileReference; explicitFileType = sourcecode.c.h; fileEncoding = 30; name = srp.h; path = ../../openFrameworks/addons/ofxPoco/libs/openssl/include/openssl/srp.h; sourceTree = SOURCE_ROOT; };
		162471D2662578CE77D68AC5 /* ecdh.h */ = {isa = PBXFileReference; explicitFileType = sourcecode.c.h; fileEncoding = 30; name = ecdh.h; path = ../../openFrameworks/addons/ofxPoco/libs/openssl/include/openssl/ecdh.h; sourceTree = SOURCE_ROOT; };
		19D4B4E20C7658B3CEFAAF12 /* ssl23.h */ = {isa = PBXFileReference; explicitFileType = sourcecode.c.h; fileEncoding = 30; name = ssl23.h; path = ../../openFrameworks/addons/ofxPoco/libs/openssl/include/openssl/ssl23.h; sourceTree = SOURCE_ROOT; };
		2A35772AB2919B9C7B925203 /* ecdsa.h */ = {isa = PBXFileReference; explicitFileType = sourcecode.c.h; fileEncoding = 30; name = ecdsa.h; path = ../../openFrameworks/addons/ofxPoco/libs/openssl/include/openssl/ecdsa.h; sourceTree = SOURCE_ROOT; };
		2A6AD281CDECE8203118404B /* dsa.h */ = {isa = PBXFileReference; explicitFileType = sourcecode.c.h; fileEncoding = 30; name = dsa.h; path = ../../openFrameworks/addons/ofxPoco/libs/openssl/include/openssl/dsa.h; sourceTree = SOURCE_ROOT; };
		2AD401036158EDF2792C63D2 /* camellia.h */ = {isa = PBXFileReference; explicitFileType = sourcecode.c.h; fileEncoding = 30; name = camellia.h; path = ../../openFrameworks/addons/ofxPoco/libs/openssl/include/openssl/camellia.h; sourceTree = SOURCE_ROOT; };
		2B69FDE1E0347B90B2A1144D /* pqueue.h */ = {isa = PBXFileReference; explicitFileType = sourcecode.c.h; fileEncoding = 30; name = pqueue.h; path = ../../openFrameworks/addons/ofxPoco/libs/openssl/include/openssl/pqueue.h; sourceTree = SOURCE_ROOT; };
		2C13ACCE6D5DFB1F9F03B697 /* idea.h */ = {isa = PBXFileReference; explicitFileType = sourcecode.c.h; fileEncoding = 30; name = idea.h; path = ../../openFrameworks/addons/ofxPoco/libs/openssl/include/openssl/idea.h; sourceTree = SOURCE_ROOT; };
		2DFC55AEAA9C19747932384B /* md5.h */ = {isa = PBXFileReference; explicitFileType = sourcecode.c.h; fileEncoding = 30; name = md5.h; path = ../../openFrameworks/addons/ofxPoco/libs/openssl/include/openssl/md5.h; sourceTree = SOURCE_ROOT; };
		2E01431449ED632CC88103F8 /* des_old.h */ = {isa = PBXFileReference; explicitFileType = sourcecode.c.h; fileEncoding = 30; name = des_old.h; path = ../../openFrameworks/addons/ofxPoco/libs/openssl/include/openssl/des_old.h; sourceTree = SOURCE_ROOT; };
		2E1025621E4C11AA0056305B /* sketch12a-lines.frag */ = {isa = PBXFileReference; fileEncoding = 4; lastKnownFileType = sourcecode.glsl; path = "sketch12a-lines.frag"; sourceTree = "<group>"; };
		2E77B1441E306519005D81A1 /* ofxVideoRecorder.cpp */ = {isa = PBXFileReference; fileEncoding = 4; lastKnownFileType = sourcecode.cpp.cpp; path = ofxVideoRecorder.cpp; sourceTree = "<group>"; };
		2E77B1451E306519005D81A1 /* ofxVideoRecorder.h */ = {isa = PBXFileReference; fileEncoding = 4; lastKnownFileType = sourcecode.c.h; path = ofxVideoRecorder.h; sourceTree = "<group>"; };
		2E77B15A1E306AC3005D81A1 /* sketch1.frag */ = {isa = PBXFileReference; fileEncoding = 4; lastKnownFileType = sourcecode.glsl; path = sketch1.frag; sourceTree = "<group>"; };
		2E77B15B1E306AC3005D81A1 /* sketch1.vert */ = {isa = PBXFileReference; fileEncoding = 4; lastKnownFileType = sourcecode.glsl; path = sketch1.vert; sourceTree = "<group>"; };
		2E77B15C1E306AC3005D81A1 /* sketch2.frag */ = {isa = PBXFileReference; fileEncoding = 4; lastKnownFileType = sourcecode.glsl; path = sketch2.frag; sourceTree = "<group>"; };
		2E77B15D1E306AC3005D81A1 /* sketch3-exclusion.frag */ = {isa = PBXFileReference; fileEncoding = 4; lastKnownFileType = sourcecode.glsl; path = "sketch3-exclusion.frag"; sourceTree = "<group>"; };
		2E77B15E1E306AC3005D81A1 /* sketch4-shaping.frag */ = {isa = PBXFileReference; fileEncoding = 4; lastKnownFileType = sourcecode.glsl; path = "sketch4-shaping.frag"; sourceTree = "<group>"; };
		2E77B15F1E306AC3005D81A1 /* sketch5-color.frag */ = {isa = PBXFileReference; fileEncoding = 4; lastKnownFileType = sourcecode.glsl; path = "sketch5-color.frag"; sourceTree = "<group>"; };
		2E77B1601E36ED16005D81A1 /* sketch6-functionplotting.frag */ = {isa = PBXFileReference; fileEncoding = 4; lastKnownFileType = sourcecode.glsl; path = "sketch6-functionplotting.frag"; sourceTree = "<group>"; };
		2E77B1611E36F303005D81A1 /* sketch7-sunset.frag */ = {isa = PBXFileReference; fileEncoding = 4; lastKnownFileType = sourcecode.glsl; path = "sketch7-sunset.frag"; sourceTree = "<group>"; };
		2E77B1621E36F5D0005D81A1 /* sketch6a-shaping.frag */ = {isa = PBXFileReference; fileEncoding = 4; lastKnownFileType = sourcecode.glsl; path = "sketch6a-shaping.frag"; sourceTree = "<group>"; };
		2E8A4F9E1E5BDA8A00855A66 /* newsketch.frag */ = {isa = PBXFileReference; fileEncoding = 4; lastKnownFileType = sourcecode.glsl; path = newsketch.frag; sourceTree = "<group>"; };
		2E8A4F9F1E5BDD2C00855A66 /* sketch13c-multiplications.frag */ = {isa = PBXFileReference; fileEncoding = 4; lastKnownFileType = sourcecode.glsl; path = "sketch13c-multiplications.frag"; sourceTree = "<group>"; };
		2E8A4FA01E5BE1B500855A66 /* sketch13d-wtf.frag */ = {isa = PBXFileReference; fileEncoding = 4; lastKnownFileType = sourcecode.glsl; path = "sketch13d-wtf.frag"; sourceTree = "<group>"; };
		2E8A4FA11E5BE56700855A66 /* sketch13e-wtf.frag */ = {isa = PBXFileReference; fileEncoding = 4; lastKnownFileType = sourcecode.glsl; path = "sketch13e-wtf.frag"; sourceTree = "<group>"; };
		2EA370A11E43D4B500A0E811 /* sketch9-color.frag */ = {isa = PBXFileReference; fileEncoding = 4; lastKnownFileType = sourcecode.glsl; path = "sketch9-color.frag"; sourceTree = "<group>"; };
		2EA370A21E44F32A00A0E811 /* sketch10-shapes.frag */ = {isa = PBXFileReference; fileEncoding = 4; lastKnownFileType = sourcecode.glsl; path = "sketch10-shapes.frag"; sourceTree = "<group>"; };
		2EA370A31E44F86A00A0E811 /* sketch11-shapes.frag */ = {isa = PBXFileReference; fileEncoding = 4; lastKnownFileType = sourcecode.glsl; path = "sketch11-shapes.frag"; sourceTree = "<group>"; };
		2EA370A41E44FBE800A0E811 /* sketch12-rect.frag */ = {isa = PBXFileReference; fileEncoding = 4; lastKnownFileType = sourcecode.glsl; path = "sketch12-rect.frag"; sourceTree = "<group>"; };
		2EA370A51E45104B00A0E811 /* sketch13-circles.frag */ = {isa = PBXFileReference; fileEncoding = 4; lastKnownFileType = sourcecode.glsl; path = "sketch13-circles.frag"; sourceTree = "<group>"; };
		2EC5656F1E4D6D3000AD8A62 /* sketch13a-heart.frag */ = {isa = PBXFileReference; fileEncoding = 4; lastKnownFileType = sourcecode.glsl; path = "sketch13a-heart.frag"; sourceTree = "<group>"; };
		2EC565701E4D702600AD8A62 /* sketch13b-additionspatterns.frag */ = {isa = PBXFileReference; fileEncoding = 4; lastKnownFileType = sourcecode.glsl; path = "sketch13b-additionspatterns.frag"; sourceTree = "<group>"; };
		2ECC4F8D1E3C10B9003BAA8C /* sketch8-color.frag */ = {isa = PBXFileReference; fileEncoding = 4; lastKnownFileType = sourcecode.glsl; path = "sketch8-color.frag"; sourceTree = "<group>"; };
		38EA84449F01F08BFC105315 /* conf.h */ = {isa = PBXFileReference; explicitFileType = sourcecode.c.h; fileEncoding = 30; name = conf.h; path = ../../openFrameworks/addons/ofxPoco/libs/openssl/include/openssl/conf.h; sourceTree = SOURCE_ROOT; };
		397E8A624D4AB2F53FB3B145 /* comp.h */ = {isa = PBXFileReference; explicitFileType = sourcecode.c.h; fileEncoding = 30; name = comp.h; path = ../../openFrameworks/addons/ofxPoco/libs/openssl/include/openssl/comp.h; sourceTree = SOURCE_ROOT; };
		45714EFDE3523AD314A0CF02 /* dso.h */ = {isa = PBXFileReference; explicitFileType = sourcecode.c.h; fileEncoding = 30; name = dso.h; path = ../../openFrameworks/addons/ofxPoco/libs/openssl/include/openssl/dso.h; sourceTree = SOURCE_ROOT; };
		46388B857945192A19FD968B /* ripemd.h */ = {isa = PBXFileReference; explicitFileType = sourcecode.c.h; fileEncoding = 30; name = ripemd.h; path = ../../openFrameworks/addons/ofxPoco/libs/openssl/include/openssl/ripemd.h; sourceTree = SOURCE_ROOT; };
		46A1005D460D1351F728F983 /* seed.h */ = {isa = PBXFileReference; explicitFileType = sourcecode.c.h; fileEncoding = 30; name = seed.h; path = ../../openFrameworks/addons/ofxPoco/libs/openssl/include/openssl/seed.h; sourceTree = SOURCE_ROOT; };
		47111EC88D3EBDD85008E424 /* opensslconf_osx.h */ = {isa = PBXFileReference; explicitFileType = sourcecode.c.h; fileEncoding = 30; name = opensslconf_osx.h; path = ../../openFrameworks/addons/ofxPoco/libs/openssl/include/openssl/opensslconf_osx.h; sourceTree = SOURCE_ROOT; };
		473845264FD299BAA9E7B922 /* whrlpool.h */ = {isa = PBXFileReference; explicitFileType = sourcecode.c.h; fileEncoding = 30; name = whrlpool.h; path = ../../openFrameworks/addons/ofxPoco/libs/openssl/include/openssl/whrlpool.h; sourceTree = SOURCE_ROOT; };
		47F9EC847511CD0C79970AB7 /* engine.h */ = {isa = PBXFileReference; explicitFileType = sourcecode.c.h; fileEncoding = 30; name = engine.h; path = ../../openFrameworks/addons/ofxPoco/libs/openssl/include/openssl/engine.h; sourceTree = SOURCE_ROOT; };
		4AE5C285698BA66A91C7A302 /* VideoGrabber.cpp */ = {isa = PBXFileReference; explicitFileType = sourcecode.cpp.cpp; fileEncoding = 30; name = VideoGrabber.cpp; path = src/VideoGrabber/VideoGrabber.cpp; sourceTree = SOURCE_ROOT; };
		4B9D2524319D9DA6B665DACE /* conf_api.h */ = {isa = PBXFileReference; explicitFileType = sourcecode.c.h; fileEncoding = 30; name = conf_api.h; path = ../../openFrameworks/addons/ofxPoco/libs/openssl/include/openssl/conf_api.h; sourceTree = SOURCE_ROOT; };
		4D487981EEA6B957BF89A0FC /* sha.h */ = {isa = PBXFileReference; explicitFileType = sourcecode.c.h; fileEncoding = 30; name = sha.h; path = ../../openFrameworks/addons/ofxPoco/libs/openssl/include/openssl/sha.h; sourceTree = SOURCE_ROOT; };
		4E884FFC27621D7DDAF0D914 /* ssl.h */ = {isa = PBXFileReference; explicitFileType = sourcecode.c.h; fileEncoding = 30; name = ssl.h; path = ../../openFrameworks/addons/ofxPoco/libs/openssl/include/openssl/ssl.h; sourceTree = SOURCE_ROOT; };
		526D0C035C1251F5D295FD28 /* ofxXmlPoco.h */ = {isa = PBXFileReference; explicitFileType = sourcecode.c.h; fileEncoding = 30; name = ofxXmlPoco.h; path = ../../openFrameworks/addons/ofxPoco/src/ofxXmlPoco.h; sourceTree = SOURCE_ROOT; };
		577D267DD6AE80A8660A8352 /* cast.h */ = {isa = PBXFileReference; explicitFileType = sourcecode.c.h; fileEncoding = 30; name = cast.h; path = ../../openFrameworks/addons/ofxPoco/libs/openssl/include/openssl/cast.h; sourceTree = SOURCE_ROOT; };
		58F91E300DCF0D2266BC29E5 /* ofxXmlPoco.cpp */ = {isa = PBXFileReference; explicitFileType = sourcecode.cpp.cpp; fileEncoding = 30; name = ofxXmlPoco.cpp; path = ../../openFrameworks/addons/ofxPoco/src/ofxXmlPoco.cpp; sourceTree = SOURCE_ROOT; };
		5A4FB65E50713F594A45CDAD /* opensslconf.h */ = {isa = PBXFileReference; explicitFileType = sourcecode.c.h; fileEncoding = 30; name = opensslconf.h; path = ../../openFrameworks/addons/ofxPoco/libs/openssl/include/openssl/opensslconf.h; sourceTree = SOURCE_ROOT; };
		60E8A28D0615CC20D4580023 /* modes.h */ = {isa = PBXFileReference; explicitFileType = sourcecode.c.h; fileEncoding = 30; name = modes.h; path = ../../openFrameworks/addons/ofxPoco/libs/openssl/include/openssl/modes.h; sourceTree = SOURCE_ROOT; };
		623B495C45AC90EA567C9CEF /* x509_vfy.h */ = {isa = PBXFileReference; explicitFileType = sourcecode.c.h; fileEncoding = 30; name = x509_vfy.h; path = ../../openFrameworks/addons/ofxPoco/libs/openssl/include/openssl/x509_vfy.h; sourceTree = SOURCE_ROOT; };
		694FC34D727E15D65A603B09 /* cmac.h */ = {isa = PBXFileReference; explicitFileType = sourcecode.c.h; fileEncoding = 30; name = cmac.h; path = ../../openFrameworks/addons/ofxPoco/libs/openssl/include/openssl/cmac.h; sourceTree = SOURCE_ROOT; };
		6A8940535E825101F9C4363B /* des.h */ = {isa = PBXFileReference; explicitFileType = sourcecode.c.h; fileEncoding = 30; name = des.h; path = ../../openFrameworks/addons/ofxPoco/libs/openssl/include/openssl/des.h; sourceTree = SOURCE_ROOT; };
		6A91E190855D6C1CCFAAA1E9 /* VideoGrabber.h */ = {isa = PBXFileReference; explicitFileType = sourcecode.c.h; fileEncoding = 30; name = VideoGrabber.h; path = src/VideoGrabber/VideoGrabber.h; sourceTree = SOURCE_ROOT; };
		6D864AAE59F0D6D167677C7E /* bn.h */ = {isa = PBXFileReference; explicitFileType = sourcecode.c.h; fileEncoding = 30; name = bn.h; path = ../../openFrameworks/addons/ofxPoco/libs/openssl/include/openssl/bn.h; sourceTree = SOURCE_ROOT; };
		6DC95CA73FF9D678B8FC9744 /* cms.h */ = {isa = PBXFileReference; explicitFileType = sourcecode.c.h; fileEncoding = 30; name = cms.h; path = ../../openFrameworks/addons/ofxPoco/libs/openssl/include/openssl/cms.h; sourceTree = SOURCE_ROOT; };
		6DE3C2272DB3F8D65B08141E /* e_os2.h */ = {isa = PBXFileReference; explicitFileType = sourcecode.c.h; fileEncoding = 30; name = e_os2.h; path = ../../openFrameworks/addons/ofxPoco/libs/openssl/include/openssl/e_os2.h; sourceTree = SOURCE_ROOT; };
		6E2309A3334EC19A6F1DA672 /* asn1_mac.h */ = {isa = PBXFileReference; explicitFileType = sourcecode.c.h; fileEncoding = 30; name = asn1_mac.h; path = ../../openFrameworks/addons/ofxPoco/libs/openssl/include/openssl/asn1_mac.h; sourceTree = SOURCE_ROOT; };
		6E567C86D16AFF099894EA46 /* objects.h */ = {isa = PBXFileReference; explicitFileType = sourcecode.c.h; fileEncoding = 30; name = objects.h; path = ../../openFrameworks/addons/ofxPoco/libs/openssl/include/openssl/objects.h; sourceTree = SOURCE_ROOT; };
		70F702A1A848DAECC7BD4CD9 /* rc2.h */ = {isa = PBXFileReference; explicitFileType = sourcecode.c.h; fileEncoding = 30; name = rc2.h; path = ../../openFrameworks/addons/ofxPoco/libs/openssl/include/openssl/rc2.h; sourceTree = SOURCE_ROOT; };
		7734202A5E9448C9975C1A7F /* ts.h */ = {isa = PBXFileReference; explicitFileType = sourcecode.c.h; fileEncoding = 30; name = ts.h; path = ../../openFrameworks/addons/ofxPoco/libs/openssl/include/openssl/ts.h; sourceTree = SOURCE_ROOT; };
		7A01D187E9BD4B66DAC74926 /* ssl2.h */ = {isa = PBXFileReference; explicitFileType = sourcecode.c.h; fileEncoding = 30; name = ssl2.h; path = ../../openFrameworks/addons/ofxPoco/libs/openssl/include/openssl/ssl2.h; sourceTree = SOURCE_ROOT; };
		7E42BFA769832F28499B78AB /* ui.h */ = {isa = PBXFileReference; explicitFileType = sourcecode.c.h; fileEncoding = 30; name = ui.h; path = ../../openFrameworks/addons/ofxPoco/libs/openssl/include/openssl/ui.h; sourceTree = SOURCE_ROOT; };
		8A43130910649B3FFA1FF867 /* ec.h */ = {isa = PBXFileReference; explicitFileType = sourcecode.c.h; fileEncoding = 30; name = ec.h; path = ../../openFrameworks/addons/ofxPoco/libs/openssl/include/openssl/ec.h; sourceTree = SOURCE_ROOT; };
		8ABCA26508D56EB071DABC2F /* blowfish.h */ = {isa = PBXFileReference; explicitFileType = sourcecode.c.h; fileEncoding = 30; name = blowfish.h; path = ../../openFrameworks/addons/ofxPoco/libs/openssl/include/openssl/blowfish.h; sourceTree = SOURCE_ROOT; };
		8BFE38210BDFB815E5EBC876 /* lhash.h */ = {isa = PBXFileReference; explicitFileType = sourcecode.c.h; fileEncoding = 30; name = lhash.h; path = ../../openFrameworks/addons/ofxPoco/libs/openssl/include/openssl/lhash.h; sourceTree = SOURCE_ROOT; };
		8E1987FCBA7BB3BC917E3719 /* md4.h */ = {isa = PBXFileReference; explicitFileType = sourcecode.c.h; fileEncoding = 30; name = md4.h; path = ../../openFrameworks/addons/ofxPoco/libs/openssl/include/openssl/md4.h; sourceTree = SOURCE_ROOT; };
		902216D303532A724CB70E00 /* rc4.h */ = {isa = PBXFileReference; explicitFileType = sourcecode.c.h; fileEncoding = 30; name = rc4.h; path = ../../openFrameworks/addons/ofxPoco/libs/openssl/include/openssl/rc4.h; sourceTree = SOURCE_ROOT; };
		909663480F16A330D4F050D1 /* aes.h */ = {isa = PBXFileReference; explicitFileType = sourcecode.c.h; fileEncoding = 30; name = aes.h; path = ../../openFrameworks/addons/ofxPoco/libs/openssl/include/openssl/aes.h; sourceTree = SOURCE_ROOT; };
		927047257499777643F9AAB0 /* opensslv.h */ = {isa = PBXFileReference; explicitFileType = sourcecode.c.h; fileEncoding = 30; name = opensslv.h; path = ../../openFrameworks/addons/ofxPoco/libs/openssl/include/openssl/opensslv.h; sourceTree = SOURCE_ROOT; };
		96DC65B11EB68C73047E8540 /* asn1t.h */ = {isa = PBXFileReference; explicitFileType = sourcecode.c.h; fileEncoding = 30; name = asn1t.h; path = ../../openFrameworks/addons/ofxPoco/libs/openssl/include/openssl/asn1t.h; sourceTree = SOURCE_ROOT; };
		9B48A93A929E990711AFB6D9 /* hmac.h */ = {isa = PBXFileReference; explicitFileType = sourcecode.c.h; fileEncoding = 30; name = hmac.h; path = ../../openFrameworks/addons/ofxPoco/libs/openssl/include/openssl/hmac.h; sourceTree = SOURCE_ROOT; };
		9EB38DE8C0AEF9170C28E939 /* mdc2.h */ = {isa = PBXFileReference; explicitFileType = sourcecode.c.h; fileEncoding = 30; name = mdc2.h; path = ../../openFrameworks/addons/ofxPoco/libs/openssl/include/openssl/mdc2.h; sourceTree = SOURCE_ROOT; };
		A0CF8ED26FE954859993CFD8 /* pkcs7.h */ = {isa = PBXFileReference; explicitFileType = sourcecode.c.h; fileEncoding = 30; name = pkcs7.h; path = ../../openFrameworks/addons/ofxPoco/libs/openssl/include/openssl/pkcs7.h; sourceTree = SOURCE_ROOT; };
		A20B05E3F2C35413545311B5 /* x509.h */ = {isa = PBXFileReference; explicitFileType = sourcecode.c.h; fileEncoding = 30; name = x509.h; path = ../../openFrameworks/addons/ofxPoco/libs/openssl/include/openssl/x509.h; sourceTree = SOURCE_ROOT; };
		A358CEB9CC35148CCE753DAC /* txt_db.h */ = {isa = PBXFileReference; explicitFileType = sourcecode.c.h; fileEncoding = 30; name = txt_db.h; path = ../../openFrameworks/addons/ofxPoco/libs/openssl/include/openssl/txt_db.h; sourceTree = SOURCE_ROOT; };
		A3CF219BABB7DA73C7753016 /* buffer.h */ = {isa = PBXFileReference; explicitFileType = sourcecode.c.h; fileEncoding = 30; name = buffer.h; path = ../../openFrameworks/addons/ofxPoco/libs/openssl/include/openssl/buffer.h; sourceTree = SOURCE_ROOT; };
		A5F496A113E9DF5B0A5D613F /* symhacks.h */ = {isa = PBXFileReference; explicitFileType = sourcecode.c.h; fileEncoding = 30; name = symhacks.h; path = ../../openFrameworks/addons/ofxPoco/libs/openssl/include/openssl/symhacks.h; sourceTree = SOURCE_ROOT; };
		A6238D4CE0BFF3B2C5D4BA59 /* kssl.h */ = {isa = PBXFileReference; explicitFileType = sourcecode.c.h; fileEncoding = 30; name = kssl.h; path = ../../openFrameworks/addons/ofxPoco/libs/openssl/include/openssl/kssl.h; sourceTree = SOURCE_ROOT; };
		A7BC09686B36957EF61A4959 /* evp.h */ = {isa = PBXFileReference; explicitFileType = sourcecode.c.h; fileEncoding = 30; name = evp.h; path = ../../openFrameworks/addons/ofxPoco/libs/openssl/include/openssl/evp.h; sourceTree = SOURCE_ROOT; };
		AA71D2E778F75DF82F36872D /* ossl_typ.h */ = {isa = PBXFileReference; explicitFileType = sourcecode.c.h; fileEncoding = 30; name = ossl_typ.h; path = ../../openFrameworks/addons/ofxPoco/libs/openssl/include/openssl/ossl_typ.h; sourceTree = SOURCE_ROOT; };
		B9B58A17DE34C2008E07E1B4 /* dh.h */ = {isa = PBXFileReference; explicitFileType = sourcecode.c.h; fileEncoding = 30; name = dh.h; path = ../../openFrameworks/addons/ofxPoco/libs/openssl/include/openssl/dh.h; sourceTree = SOURCE_ROOT; };
		C667569F5F119BF1B21E8F3D /* ebcdic.h */ = {isa = PBXFileReference; explicitFileType = sourcecode.c.h; fileEncoding = 30; name = ebcdic.h; path = ../../openFrameworks/addons/ofxPoco/libs/openssl/include/openssl/ebcdic.h; sourceTree = SOURCE_ROOT; };
		C8A578B8F84FCAA2C86E999F /* pkcs12.h */ = {isa = PBXFileReference; explicitFileType = sourcecode.c.h; fileEncoding = 30; name = pkcs12.h; path = ../../openFrameworks/addons/ofxPoco/libs/openssl/include/openssl/pkcs12.h; sourceTree = SOURCE_ROOT; };
		CC27D0F8A52814B3ED97D0A6 /* ocsp.h */ = {isa = PBXFileReference; explicitFileType = sourcecode.c.h; fileEncoding = 30; name = ocsp.h; path = ../../openFrameworks/addons/ofxPoco/libs/openssl/include/openssl/ocsp.h; sourceTree = SOURCE_ROOT; };
		D0C5C87C9F4DF2599C1FEB8D /* asn1.h */ = {isa = PBXFileReference; explicitFileType = sourcecode.c.h; fileEncoding = 30; name = asn1.h; path = ../../openFrameworks/addons/ofxPoco/libs/openssl/include/openssl/asn1.h; sourceTree = SOURCE_ROOT; };
		D6F801184047EFDC6C30930D /* crypto.h */ = {isa = PBXFileReference; explicitFileType = sourcecode.c.h; fileEncoding = 30; name = crypto.h; path = ../../openFrameworks/addons/ofxPoco/libs/openssl/include/openssl/crypto.h; sourceTree = SOURCE_ROOT; };
		D724FD7F34959083B5106A62 /* ui_compat.h */ = {isa = PBXFileReference; explicitFileType = sourcecode.c.h; fileEncoding = 30; name = ui_compat.h; path = ../../openFrameworks/addons/ofxPoco/libs/openssl/include/openssl/ui_compat.h; sourceTree = SOURCE_ROOT; };
		DBD032B51C9FCBB7F0BE4187 /* obj_mac.h */ = {isa = PBXFileReference; explicitFileType = sourcecode.c.h; fileEncoding = 30; name = obj_mac.h; path = ../../openFrameworks/addons/ofxPoco/libs/openssl/include/openssl/obj_mac.h; sourceTree = SOURCE_ROOT; };
		E059ECC7350B9C6A91A754F3 /* rsa.h */ = {isa = PBXFileReference; explicitFileType = sourcecode.c.h; fileEncoding = 30; name = rsa.h; path = ../../openFrameworks/addons/ofxPoco/libs/openssl/include/openssl/rsa.h; sourceTree = SOURCE_ROOT; };
		E4328143138ABC890047C5CB /* openFrameworksLib.xcodeproj */ = {isa = PBXFileReference; lastKnownFileType = "wrapper.pb-project"; name = openFrameworksLib.xcodeproj; path = ../../openFrameworks/libs/openFrameworksCompiled/project/osx/openFrameworksLib.xcodeproj; sourceTree = SOURCE_ROOT; };
		E4B69B5B0A3A1756003C02F2 /* bookofshadersDebug.app */ = {isa = PBXFileReference; explicitFileType = wrapper.application; includeInIndex = 0; path = bookofshadersDebug.app; sourceTree = BUILT_PRODUCTS_DIR; };
		E4B69E1D0A3A1BDC003C02F2 /* main.cpp */ = {isa = PBXFileReference; fileEncoding = 30; lastKnownFileType = sourcecode.cpp.cpp; name = main.cpp; path = src/main.cpp; sourceTree = SOURCE_ROOT; };
		E4B69E1E0A3A1BDC003C02F2 /* ofApp.cpp */ = {isa = PBXFileReference; explicitFileType = sourcecode.cpp.cpp; fileEncoding = 30; name = ofApp.cpp; path = src/ofApp.cpp; sourceTree = SOURCE_ROOT; };
		E4B69E1F0A3A1BDC003C02F2 /* ofApp.h */ = {isa = PBXFileReference; fileEncoding = 30; lastKnownFileType = sourcecode.c.h; name = ofApp.h; path = src/ofApp.h; sourceTree = SOURCE_ROOT; };
		E4B6FCAD0C3E899E008CF71C /* openFrameworks-Info.plist */ = {isa = PBXFileReference; fileEncoding = 30; lastKnownFileType = text.plist.xml; path = "openFrameworks-Info.plist"; sourceTree = "<group>"; };
		E4EB691F138AFCF100A09F29 /* CoreOF.xcconfig */ = {isa = PBXFileReference; fileEncoding = 4; lastKnownFileType = text.xcconfig; name = CoreOF.xcconfig; path = ../../openFrameworks/libs/openFrameworksCompiled/project/osx/CoreOF.xcconfig; sourceTree = SOURCE_ROOT; };
		E4EB6923138AFD0F00A09F29 /* Project.xcconfig */ = {isa = PBXFileReference; fileEncoding = 4; lastKnownFileType = text.xcconfig; path = Project.xcconfig; sourceTree = "<group>"; };
		E60ECC490451874DD3987F72 /* dtls1.h */ = {isa = PBXFileReference; explicitFileType = sourcecode.c.h; fileEncoding = 30; name = dtls1.h; path = ../../openFrameworks/addons/ofxPoco/libs/openssl/include/openssl/dtls1.h; sourceTree = SOURCE_ROOT; };
		E829EDB3040BD6D29F67310C /* ssl3.h */ = {isa = PBXFileReference; explicitFileType = sourcecode.c.h; fileEncoding = 30; name = ssl3.h; path = ../../openFrameworks/addons/ofxPoco/libs/openssl/include/openssl/ssl3.h; sourceTree = SOURCE_ROOT; };
		F0669EF8367E3139DC096A21 /* pem.h */ = {isa = PBXFileReference; explicitFileType = sourcecode.c.h; fileEncoding = 30; name = pem.h; path = ../../openFrameworks/addons/ofxPoco/libs/openssl/include/openssl/pem.h; sourceTree = SOURCE_ROOT; };
		F07A2184DD690256599023CF /* srtp.h */ = {isa = PBXFileReference; explicitFileType = sourcecode.c.h; fileEncoding = 30; name = srtp.h; path = ../../openFrameworks/addons/ofxPoco/libs/openssl/include/openssl/srtp.h; sourceTree = SOURCE_ROOT; };
		FF284E33BA7B7AB034B82E9E /* bio.h */ = {isa = PBXFileReference; explicitFileType = sourcecode.c.h; fileEncoding = 30; name = bio.h; path = ../../openFrameworks/addons/ofxPoco/libs/openssl/include/openssl/bio.h; sourceTree = SOURCE_ROOT; };
		FF3E394F675DC73D6D5BB07B /* tls1.h */ = {isa = PBXFileReference; explicitFileType = sourcecode.c.h; fileEncoding = 30; name = tls1.h; path = ../../openFrameworks/addons/ofxPoco/libs/openssl/include/openssl/tls1.h; sourceTree = SOURCE_ROOT; };
/* End PBXFileReference section */

/* Begin PBXFrameworksBuildPhase section */
		E4B69B590A3A1756003C02F2 /* Frameworks */ = {
			isa = PBXFrameworksBuildPhase;
			buildActionMask = 2147483647;
			files = (
				E4328149138ABC9F0047C5CB /* openFrameworksDebug.a in Frameworks */,
			);
			runOnlyForDeploymentPostprocessing = 0;
		};
/* End PBXFrameworksBuildPhase section */

/* Begin PBXGroup section */
		0117D94CE0C695E5E5482BEC /* ofxPoco */ = {
			isa = PBXGroup;
			children = (
				0EFE45161A4E28BDE46D84D0 /* src */,
				959BC13926B6C962531CEF17 /* libs */,
			);
			name = ofxPoco;
			sourceTree = "<group>";
		};
		0EFE45161A4E28BDE46D84D0 /* src */ = {
			isa = PBXGroup;
			children = (
				58F91E300DCF0D2266BC29E5 /* ofxXmlPoco.cpp */,
				526D0C035C1251F5D295FD28 /* ofxXmlPoco.h */,
			);
			name = src;
			sourceTree = "<group>";
		};
		13C2436A78CDB4354594CA7D /* include */ = {
			isa = PBXGroup;
			children = (
				70E25EBAAB745F09329DDB44 /* openssl */,
			);
			name = include;
			sourceTree = "<group>";
		};
		2E77B1431E306519005D81A1 /* ofxVideoRecorder */ = {
			isa = PBXGroup;
			children = (
				2E77B1441E306519005D81A1 /* ofxVideoRecorder.cpp */,
				2E77B1451E306519005D81A1 /* ofxVideoRecorder.h */,
			);
			name = ofxVideoRecorder;
			path = VideoGrabber/ofxVideoRecorder;
			sourceTree = "<group>";
		};
		2E77B1591E306AC3005D81A1 /* shaders */ = {
			isa = PBXGroup;
			children = (
				2E77B15A1E306AC3005D81A1 /* sketch1.frag */,
				2E77B15B1E306AC3005D81A1 /* sketch1.vert */,
				2E77B15C1E306AC3005D81A1 /* sketch2.frag */,
				2E77B15D1E306AC3005D81A1 /* sketch3-exclusion.frag */,
				2E77B15E1E306AC3005D81A1 /* sketch4-shaping.frag */,
				2E77B15F1E306AC3005D81A1 /* sketch5-color.frag */,
				2E77B1601E36ED16005D81A1 /* sketch6-functionplotting.frag */,
				2E77B1621E36F5D0005D81A1 /* sketch6a-shaping.frag */,
				2E77B1611E36F303005D81A1 /* sketch7-sunset.frag */,
				2ECC4F8D1E3C10B9003BAA8C /* sketch8-color.frag */,
				2EA370A11E43D4B500A0E811 /* sketch9-color.frag */,
				2EA370A21E44F32A00A0E811 /* sketch10-shapes.frag */,
				2EA370A31E44F86A00A0E811 /* sketch11-shapes.frag */,
				2EA370A41E44FBE800A0E811 /* sketch12-rect.frag */,
				2E1025621E4C11AA0056305B /* sketch12a-lines.frag */,
				2EA370A51E45104B00A0E811 /* sketch13-circles.frag */,
				2EC5656F1E4D6D3000AD8A62 /* sketch13a-heart.frag */,
				2EC565701E4D702600AD8A62 /* sketch13b-additionspatterns.frag */,
				2E8A4F9F1E5BDD2C00855A66 /* sketch13c-multiplications.frag */,
				2E8A4FA01E5BE1B500855A66 /* sketch13d-wtf.frag */,
				2E8A4FA11E5BE56700855A66 /* sketch13e-wtf.frag */,
				2E8A4F9E1E5BDA8A00855A66 /* newsketch.frag */,
			);
			name = shaders;
			path = bin/data/shaders;
			sourceTree = "<group>";
		};
		6948EE371B920CB800B5AC1A /* local_addons */ = {
			isa = PBXGroup;
			children = (
			);
			name = local_addons;
			sourceTree = "<group>";
		};
		70E25EBAAB745F09329DDB44 /* openssl */ = {
			isa = PBXGroup;
			children = (
				909663480F16A330D4F050D1 /* aes.h */,
				D0C5C87C9F4DF2599C1FEB8D /* asn1.h */,
				6E2309A3334EC19A6F1DA672 /* asn1_mac.h */,
				96DC65B11EB68C73047E8540 /* asn1t.h */,
				FF284E33BA7B7AB034B82E9E /* bio.h */,
				8ABCA26508D56EB071DABC2F /* blowfish.h */,
				6D864AAE59F0D6D167677C7E /* bn.h */,
				A3CF219BABB7DA73C7753016 /* buffer.h */,
				2AD401036158EDF2792C63D2 /* camellia.h */,
				577D267DD6AE80A8660A8352 /* cast.h */,
				694FC34D727E15D65A603B09 /* cmac.h */,
				6DC95CA73FF9D678B8FC9744 /* cms.h */,
				397E8A624D4AB2F53FB3B145 /* comp.h */,
				38EA84449F01F08BFC105315 /* conf.h */,
				4B9D2524319D9DA6B665DACE /* conf_api.h */,
				D6F801184047EFDC6C30930D /* crypto.h */,
				6A8940535E825101F9C4363B /* des.h */,
				2E01431449ED632CC88103F8 /* des_old.h */,
				B9B58A17DE34C2008E07E1B4 /* dh.h */,
				2A6AD281CDECE8203118404B /* dsa.h */,
				45714EFDE3523AD314A0CF02 /* dso.h */,
				E60ECC490451874DD3987F72 /* dtls1.h */,
				6DE3C2272DB3F8D65B08141E /* e_os2.h */,
				C667569F5F119BF1B21E8F3D /* ebcdic.h */,
				8A43130910649B3FFA1FF867 /* ec.h */,
				162471D2662578CE77D68AC5 /* ecdh.h */,
				2A35772AB2919B9C7B925203 /* ecdsa.h */,
				47F9EC847511CD0C79970AB7 /* engine.h */,
				1004CD9AFC374C8C455F5955 /* err.h */,
				A7BC09686B36957EF61A4959 /* evp.h */,
				9B48A93A929E990711AFB6D9 /* hmac.h */,
				2C13ACCE6D5DFB1F9F03B697 /* idea.h */,
				0A8A7E4F797AA5C08FFAC79B /* krb5_asn.h */,
				A6238D4CE0BFF3B2C5D4BA59 /* kssl.h */,
				8BFE38210BDFB815E5EBC876 /* lhash.h */,
				8E1987FCBA7BB3BC917E3719 /* md4.h */,
				2DFC55AEAA9C19747932384B /* md5.h */,
				9EB38DE8C0AEF9170C28E939 /* mdc2.h */,
				60E8A28D0615CC20D4580023 /* modes.h */,
				DBD032B51C9FCBB7F0BE4187 /* obj_mac.h */,
				6E567C86D16AFF099894EA46 /* objects.h */,
				CC27D0F8A52814B3ED97D0A6 /* ocsp.h */,
				5A4FB65E50713F594A45CDAD /* opensslconf.h */,
				47111EC88D3EBDD85008E424 /* opensslconf_osx.h */,
				927047257499777643F9AAB0 /* opensslv.h */,
				AA71D2E778F75DF82F36872D /* ossl_typ.h */,
				F0669EF8367E3139DC096A21 /* pem.h */,
				08E9768BD12E2AFD757312ED /* pem2.h */,
				C8A578B8F84FCAA2C86E999F /* pkcs12.h */,
				A0CF8ED26FE954859993CFD8 /* pkcs7.h */,
				2B69FDE1E0347B90B2A1144D /* pqueue.h */,
				036179F183E5885D92C3D6A6 /* rand.h */,
				70F702A1A848DAECC7BD4CD9 /* rc2.h */,
				902216D303532A724CB70E00 /* rc4.h */,
				46388B857945192A19FD968B /* ripemd.h */,
				E059ECC7350B9C6A91A754F3 /* rsa.h */,
				1148FB663D0CDB923878CC9E /* safestack.h */,
				46A1005D460D1351F728F983 /* seed.h */,
				4D487981EEA6B957BF89A0FC /* sha.h */,
				125932C6275E165142CD6DB4 /* srp.h */,
				F07A2184DD690256599023CF /* srtp.h */,
				4E884FFC27621D7DDAF0D914 /* ssl.h */,
				7A01D187E9BD4B66DAC74926 /* ssl2.h */,
				19D4B4E20C7658B3CEFAAF12 /* ssl23.h */,
				E829EDB3040BD6D29F67310C /* ssl3.h */,
				0B7F8B4A0C4E6F7841FFE67E /* stack.h */,
				A5F496A113E9DF5B0A5D613F /* symhacks.h */,
				FF3E394F675DC73D6D5BB07B /* tls1.h */,
				7734202A5E9448C9975C1A7F /* ts.h */,
				A358CEB9CC35148CCE753DAC /* txt_db.h */,
				7E42BFA769832F28499B78AB /* ui.h */,
				D724FD7F34959083B5106A62 /* ui_compat.h */,
				473845264FD299BAA9E7B922 /* whrlpool.h */,
				A20B05E3F2C35413545311B5 /* x509.h */,
				623B495C45AC90EA567C9CEF /* x509_vfy.h */,
				0A63B7879F7A08F4C8268F27 /* x509v3.h */,
			);
			name = openssl;
			sourceTree = "<group>";
		};
		959BC13926B6C962531CEF17 /* libs */ = {
			isa = PBXGroup;
			children = (
				B2C98B62869583DB9FE30DA7 /* openssl */,
			);
			name = libs;
			sourceTree = "<group>";
		};
		B2C98B62869583DB9FE30DA7 /* openssl */ = {
			isa = PBXGroup;
			children = (
				13C2436A78CDB4354594CA7D /* include */,
			);
			name = openssl;
			sourceTree = "<group>";
		};
		BB4B014C10F69532006C3DED /* addons */ = {
			isa = PBXGroup;
			children = (
				0117D94CE0C695E5E5482BEC /* ofxPoco */,
			);
			name = addons;
			sourceTree = "<group>";
		};
		E4328144138ABC890047C5CB /* Products */ = {
			isa = PBXGroup;
			children = (
				E4328148138ABC890047C5CB /* openFrameworksDebug.a */,
			);
			name = Products;
			sourceTree = "<group>";
		};
		E4B69B4A0A3A1720003C02F2 = {
			isa = PBXGroup;
			children = (
				2E77B1591E306AC3005D81A1 /* shaders */,
				E4B6FCAD0C3E899E008CF71C /* openFrameworks-Info.plist */,
				E4EB6923138AFD0F00A09F29 /* Project.xcconfig */,
				E4B69E1C0A3A1BDC003C02F2 /* src */,
				E4EEC9E9138DF44700A80321 /* openFrameworks */,
				BB4B014C10F69532006C3DED /* addons */,
				6948EE371B920CB800B5AC1A /* local_addons */,
				E4B69B5B0A3A1756003C02F2 /* bookofshadersDebug.app */,
			);
			sourceTree = "<group>";
		};
		E4B69E1C0A3A1BDC003C02F2 /* src */ = {
			isa = PBXGroup;
			children = (
				E4B69E1D0A3A1BDC003C02F2 /* main.cpp */,
				E4B69E1E0A3A1BDC003C02F2 /* ofApp.cpp */,
				E4B69E1F0A3A1BDC003C02F2 /* ofApp.h */,
				FDA0770E6370F372DB80313D /* VideoGrabber */,
			);
			path = src;
			sourceTree = SOURCE_ROOT;
		};
		E4EEC9E9138DF44700A80321 /* openFrameworks */ = {
			isa = PBXGroup;
			children = (
				E4EB691F138AFCF100A09F29 /* CoreOF.xcconfig */,
				E4328143138ABC890047C5CB /* openFrameworksLib.xcodeproj */,
			);
			name = openFrameworks;
			sourceTree = "<group>";
		};
		FDA0770E6370F372DB80313D /* VideoGrabber */ = {
			isa = PBXGroup;
			children = (
				2E77B1431E306519005D81A1 /* ofxVideoRecorder */,
				6A91E190855D6C1CCFAAA1E9 /* VideoGrabber.h */,
				4AE5C285698BA66A91C7A302 /* VideoGrabber.cpp */,
			);
			name = VideoGrabber;
			sourceTree = "<group>";
		};
/* End PBXGroup section */

/* Begin PBXNativeTarget section */
		E4B69B5A0A3A1756003C02F2 /* bookofshaders */ = {
			isa = PBXNativeTarget;
			buildConfigurationList = E4B69B5F0A3A1757003C02F2 /* Build configuration list for PBXNativeTarget "bookofshaders" */;
			buildPhases = (
				E4B69B580A3A1756003C02F2 /* Sources */,
				E4B69B590A3A1756003C02F2 /* Frameworks */,
				E4B6FFFD0C3F9AB9008CF71C /* ShellScript */,
				E4C2427710CC5ABF004149E2 /* CopyFiles */,
				8466F1851C04CA0E00918B1C /* ShellScript */,
			);
			buildRules = (
			);
			dependencies = (
				E4EEB9AC138B136A00A80321 /* PBXTargetDependency */,
			);
			name = bookofshaders;
			productName = myOFApp;
			productReference = E4B69B5B0A3A1756003C02F2 /* bookofshadersDebug.app */;
			productType = "com.apple.product-type.application";
		};
/* End PBXNativeTarget section */

/* Begin PBXProject section */
		E4B69B4C0A3A1720003C02F2 /* Project object */ = {
			isa = PBXProject;
			attributes = {
				LastUpgradeCheck = 0600;
			};
			buildConfigurationList = E4B69B4D0A3A1720003C02F2 /* Build configuration list for PBXProject "bookofshaders" */;
			compatibilityVersion = "Xcode 3.2";
			developmentRegion = English;
			hasScannedForEncodings = 0;
			knownRegions = (
				English,
				Japanese,
				French,
				German,
			);
			mainGroup = E4B69B4A0A3A1720003C02F2;
			productRefGroup = E4B69B4A0A3A1720003C02F2;
			projectDirPath = "";
			projectReferences = (
				{
					ProductGroup = E4328144138ABC890047C5CB /* Products */;
					ProjectRef = E4328143138ABC890047C5CB /* openFrameworksLib.xcodeproj */;
				},
			);
			projectRoot = "";
			targets = (
				E4B69B5A0A3A1756003C02F2 /* bookofshaders */,
			);
		};
/* End PBXProject section */

/* Begin PBXReferenceProxy section */
		E4328148138ABC890047C5CB /* openFrameworksDebug.a */ = {
			isa = PBXReferenceProxy;
			fileType = archive.ar;
			path = openFrameworksDebug.a;
			remoteRef = E4328147138ABC890047C5CB /* PBXContainerItemProxy */;
			sourceTree = BUILT_PRODUCTS_DIR;
		};
/* End PBXReferenceProxy section */

/* Begin PBXShellScriptBuildPhase section */
		8466F1851C04CA0E00918B1C /* ShellScript */ = {
			isa = PBXShellScriptBuildPhase;
			buildActionMask = 12;
			files = (
			);
			inputPaths = (
			);
			outputPaths = (
			);
			runOnlyForDeploymentPostprocessing = 0;
			shellPath = /bin/sh;
			shellScript = "echo \"$GCC_PREPROCESSOR_DEFINITIONS\";\nAPPSTORE=`expr \"$GCC_PREPROCESSOR_DEFINITIONS\" : \".*APPSTORE=\\([0-9]*\\)\"`\nif [ -z \"$APPSTORE\" ] ; then\necho \"Note: Not copying bin/data to App Package or doing App Code signing. Use AppStore target for AppStore distribution\";\nelse\n# Copy bin/data into App/Resources\nrsync -avz --exclude='.DS_Store' \"${SRCROOT}/bin/data/\" \"${TARGET_BUILD_DIR}/${UNLOCALIZED_RESOURCES_FOLDER_PATH}/data/\"\n\n# ---- Code Sign App Package ----\n\n# WARNING: You may have to run Clean in Xcode after changing CODE_SIGN_IDENTITY!\n\n# Verify that $CODE_SIGN_IDENTITY is set\nif [ -z \"${CODE_SIGN_IDENTITY}\" ] ; then\necho \"CODE_SIGN_IDENTITY needs to be set for framework code-signing\"\nexit 0\nfi\n\nif [ -z \"${CODE_SIGN_ENTITLEMENTS}\" ] ; then\necho \"CODE_SIGN_ENTITLEMENTS needs to be set for framework code-signing!\"\n\nif [ \"${CONFIGURATION}\" = \"Release\" ] ; then\nexit 1\nelse\n# Code-signing is optional for non-release builds.\nexit 0\nfi\nfi\n\nITEMS=\"\"\n\nFRAMEWORKS_DIR=\"${TARGET_BUILD_DIR}/${FRAMEWORKS_FOLDER_PATH}\"\necho \"$FRAMEWORKS_DIR\"\nif [ -d \"$FRAMEWORKS_DIR\" ] ; then\nFRAMEWORKS=$(find \"${FRAMEWORKS_DIR}\" -depth -type d -name \"*.framework\" -or -name \"*.dylib\" -or -name \"*.bundle\" | sed -e \"s/\\(.*framework\\)/\\1\\/Versions\\/A\\//\")\nRESULT=$?\nif [[ $RESULT != 0 ]] ; then\nexit 1\nfi\n\nITEMS=\"${FRAMEWORKS}\"\nfi\n\nLOGINITEMS_DIR=\"${TARGET_BUILD_DIR}/${CONTENTS_FOLDER_PATH}/Library/LoginItems/\"\nif [ -d \"$LOGINITEMS_DIR\" ] ; then\nLOGINITEMS=$(find \"${LOGINITEMS_DIR}\" -depth -type d -name \"*.app\")\nRESULT=$?\nif [[ $RESULT != 0 ]] ; then\nexit 1\nfi\n\nITEMS=\"${ITEMS}\"$'\\n'\"${LOGINITEMS}\"\nfi\n\n# Prefer the expanded name, if available.\nCODE_SIGN_IDENTITY_FOR_ITEMS=\"${EXPANDED_CODE_SIGN_IDENTITY_NAME}\"\nif [ \"${CODE_SIGN_IDENTITY_FOR_ITEMS}\" = \"\" ] ; then\n# Fall back to old behavior.\nCODE_SIGN_IDENTITY_FOR_ITEMS=\"${CODE_SIGN_IDENTITY}\"\nfi\n\necho \"Identity:\"\necho \"${CODE_SIGN_IDENTITY_FOR_ITEMS}\"\n\necho \"Entitlements:\"\necho \"${CODE_SIGN_ENTITLEMENTS}\"\n\necho \"Found:\"\necho \"${ITEMS}\"\n\n# Change the Internal Field Separator (IFS) so that spaces in paths will not cause problems below.\nSAVED_IFS=$IFS\nIFS=$(echo -en \"\\n\\b\")\n\n# Loop through all items.\nfor ITEM in $ITEMS;\ndo\necho \"Signing '${ITEM}'\"\ncodesign --force --verbose --sign \"${CODE_SIGN_IDENTITY_FOR_ITEMS}\" --entitlements \"${CODE_SIGN_ENTITLEMENTS}\" \"${ITEM}\"\nRESULT=$?\nif [[ $RESULT != 0 ]] ; then\necho \"Failed to sign '${ITEM}'.\"\nIFS=$SAVED_IFS\nexit 1\nfi\ndone\n\n# Restore $IFS.\nIFS=$SAVED_IFS\n\nfi\n";
		};
		E4B6FFFD0C3F9AB9008CF71C /* ShellScript */ = {
			isa = PBXShellScriptBuildPhase;
			buildActionMask = 2147483647;
			files = (
			);
			inputPaths = (
			);
			outputPaths = (
			);
			runOnlyForDeploymentPostprocessing = 0;
			shellPath = /bin/sh;
			shellScript = "mkdir -p \"$TARGET_BUILD_DIR/$PRODUCT_NAME.app/Contents/Resources/\"\n# Copy default icon file into App/Resources\nrsync -aved \"$ICON_FILE\" \"$TARGET_BUILD_DIR/$PRODUCT_NAME.app/Contents/Resources/\"\n# Copy libfmod and change install directory for fmod to run\nrsync -aved ../../openFrameworks/libs/fmodex/lib/osx/libfmodex.dylib \"$TARGET_BUILD_DIR/$PRODUCT_NAME.app/Contents/Frameworks/\";\ninstall_name_tool -change @executable_path/libfmodex.dylib @executable_path/../Frameworks/libfmodex.dylib \"$TARGET_BUILD_DIR/$PRODUCT_NAME.app/Contents/MacOS/$PRODUCT_NAME\";\n\necho \"$GCC_PREPROCESSOR_DEFINITIONS\";\n";
		};
/* End PBXShellScriptBuildPhase section */

/* Begin PBXSourcesBuildPhase section */
		E4B69B580A3A1756003C02F2 /* Sources */ = {
			isa = PBXSourcesBuildPhase;
			buildActionMask = 2147483647;
			files = (
				E4B69E200A3A1BDC003C02F2 /* main.cpp in Sources */,
				E4B69E210A3A1BDC003C02F2 /* ofApp.cpp in Sources */,
				113DD1078FBD17F5761A9855 /* VideoGrabber.cpp in Sources */,
				2E77B1461E306519005D81A1 /* ofxVideoRecorder.cpp in Sources */,
				A2879E6F7C6EF163C3201D6E /* ofxXmlPoco.cpp in Sources */,
			);
			runOnlyForDeploymentPostprocessing = 0;
		};
/* End PBXSourcesBuildPhase section */

/* Begin PBXTargetDependency section */
		E4EEB9AC138B136A00A80321 /* PBXTargetDependency */ = {
			isa = PBXTargetDependency;
			name = openFrameworks;
			targetProxy = E4EEB9AB138B136A00A80321 /* PBXContainerItemProxy */;
		};
/* End PBXTargetDependency section */

/* Begin XCBuildConfiguration section */
		99FA3DBB1C7456C400CFA0EE /* AppStore */ = {
			isa = XCBuildConfiguration;
			baseConfigurationReference = E4EB6923138AFD0F00A09F29 /* Project.xcconfig */;
			buildSettings = {
				CONFIGURATION_BUILD_DIR = "$(SRCROOT)/bin/";
				COPY_PHASE_STRIP = YES;
				DEAD_CODE_STRIPPING = YES;
				GCC_AUTO_VECTORIZATION = YES;
				GCC_ENABLE_SSE3_EXTENSIONS = YES;
				GCC_ENABLE_SUPPLEMENTAL_SSE3_INSTRUCTIONS = YES;
				GCC_INLINES_ARE_PRIVATE_EXTERN = NO;
				GCC_OPTIMIZATION_LEVEL = 3;
				"GCC_PREPROCESSOR_DEFINITIONS[arch=*]" = "DISTRIBUTION=1";
				GCC_SYMBOLS_PRIVATE_EXTERN = NO;
				GCC_UNROLL_LOOPS = YES;
				GCC_WARN_ABOUT_DEPRECATED_FUNCTIONS = YES;
				GCC_WARN_ABOUT_INVALID_OFFSETOF_MACRO = NO;
				GCC_WARN_ALLOW_INCOMPLETE_PROTOCOL = NO;
				GCC_WARN_UNINITIALIZED_AUTOS = NO;
				GCC_WARN_UNUSED_VALUE = NO;
				GCC_WARN_UNUSED_VARIABLE = NO;
				HEADER_SEARCH_PATHS = (
					"$(OF_CORE_HEADERS)",
					src,
					src/VideoGrabber,
					src/src,
					../../openFrameworks/addons/ofxPoco/libs/poco/include,
					../../openFrameworks/addons/ofxPoco/src,
					../../openFrameworks/addons/ofxPoco/libs/openssl/include,
				);
				MACOSX_DEPLOYMENT_TARGET = 10.9;
				OTHER_CPLUSPLUSFLAGS = (
					"-D__MACOSX_CORE__",
					"-mtune=native",
				);
				OTHER_LDFLAGS = (
					"$(OF_CORE_FRAMEWORKS)",
					"$(OF_CORE_LIBS)",
					../../openFrameworks/addons/ofxPoco/libs/poco/lib/osx/PocoNetSSL.a,
					../../openFrameworks/addons/ofxPoco/libs/poco/lib/osx/PocoNet.a,
					../../openFrameworks/addons/ofxPoco/libs/poco/lib/osx/PocoCrypto.a,
					../../openFrameworks/addons/ofxPoco/libs/poco/lib/osx/PocoUtil.a,
					../../openFrameworks/addons/ofxPoco/libs/poco/lib/osx/PocoJSON.a,
					../../openFrameworks/addons/ofxPoco/libs/poco/lib/osx/PocoXML.a,
					../../openFrameworks/addons/ofxPoco/libs/poco/lib/osx/PocoFoundation.a,
					../../openFrameworks/addons/ofxPoco/libs/openssl/lib/osx/crypto.a,
					../../openFrameworks/addons/ofxPoco/libs/openssl/lib/osx/ssl.a,
				);
				SDKROOT = macosx;
			};
			name = AppStore;
		};
		99FA3DBC1C7456C400CFA0EE /* AppStore */ = {
			isa = XCBuildConfiguration;
			baseConfigurationReference = E4EB6923138AFD0F00A09F29 /* Project.xcconfig */;
			buildSettings = {
				COMBINE_HIDPI_IMAGES = YES;
				COPY_PHASE_STRIP = YES;
				FRAMEWORK_SEARCH_PATHS = "$(inherited)";
				GCC_GENERATE_DEBUGGING_SYMBOLS = YES;
				GCC_MODEL_TUNING = NONE;
				"GCC_PREPROCESSOR_DEFINITIONS[arch=*]" = "APPSTORE=1";
				HEADER_SEARCH_PATHS = (
					"$(OF_CORE_HEADERS)",
					src,
					src/VideoGrabber,
					src/src,
					../../openFrameworks/addons/ofxPoco/libs/poco/include,
					../../openFrameworks/addons/ofxPoco/src,
					../../openFrameworks/addons/ofxPoco/libs/openssl/include,
				);
				ICON = "$(ICON_NAME_RELEASE)";
				ICON_FILE = "$(ICON_FILE_PATH)$(ICON)";
				INFOPLIST_FILE = "openFrameworks-Info.plist";
				INSTALL_PATH = /Applications;
				LIBRARY_SEARCH_PATHS = "$(inherited)";
				OTHER_LDFLAGS = (
					"$(OF_CORE_FRAMEWORKS)",
					"$(OF_CORE_LIBS)",
					../../openFrameworks/addons/ofxPoco/libs/poco/lib/osx/PocoNetSSL.a,
					../../openFrameworks/addons/ofxPoco/libs/poco/lib/osx/PocoNet.a,
					../../openFrameworks/addons/ofxPoco/libs/poco/lib/osx/PocoCrypto.a,
					../../openFrameworks/addons/ofxPoco/libs/poco/lib/osx/PocoUtil.a,
					../../openFrameworks/addons/ofxPoco/libs/poco/lib/osx/PocoJSON.a,
					../../openFrameworks/addons/ofxPoco/libs/poco/lib/osx/PocoXML.a,
					../../openFrameworks/addons/ofxPoco/libs/poco/lib/osx/PocoFoundation.a,
					../../openFrameworks/addons/ofxPoco/libs/openssl/lib/osx/crypto.a,
					../../openFrameworks/addons/ofxPoco/libs/openssl/lib/osx/ssl.a,
				);
				PRODUCT_NAME = "$(TARGET_NAME)";
				WRAPPER_EXTENSION = app;
				baseConfigurationReference = E4EB6923138AFD0F00A09F29;
			};
			name = AppStore;
		};
		E4B69B4E0A3A1720003C02F2 /* Debug */ = {
			isa = XCBuildConfiguration;
			baseConfigurationReference = E4EB6923138AFD0F00A09F29 /* Project.xcconfig */;
			buildSettings = {
				CONFIGURATION_BUILD_DIR = "$(SRCROOT)/bin/";
				COPY_PHASE_STRIP = NO;
				DEAD_CODE_STRIPPING = YES;
				GCC_AUTO_VECTORIZATION = YES;
				GCC_ENABLE_SSE3_EXTENSIONS = YES;
				GCC_ENABLE_SUPPLEMENTAL_SSE3_INSTRUCTIONS = YES;
				GCC_INLINES_ARE_PRIVATE_EXTERN = NO;
				GCC_OPTIMIZATION_LEVEL = 0;
				GCC_SYMBOLS_PRIVATE_EXTERN = NO;
				GCC_WARN_ABOUT_DEPRECATED_FUNCTIONS = YES;
				GCC_WARN_ABOUT_INVALID_OFFSETOF_MACRO = NO;
				GCC_WARN_ALLOW_INCOMPLETE_PROTOCOL = NO;
				GCC_WARN_UNINITIALIZED_AUTOS = NO;
				GCC_WARN_UNUSED_VALUE = NO;
				GCC_WARN_UNUSED_VARIABLE = NO;
				HEADER_SEARCH_PATHS = (
					"$(OF_CORE_HEADERS)",
					src,
					src/VideoGrabber,
					src/src,
					../../openFrameworks/addons/ofxPoco/libs/poco/include,
					../../openFrameworks/addons/ofxPoco/src,
					../../openFrameworks/addons/ofxPoco/libs/openssl/include,
				);
				MACOSX_DEPLOYMENT_TARGET = 10.9;
				ONLY_ACTIVE_ARCH = YES;
				OTHER_CPLUSPLUSFLAGS = (
					"-D__MACOSX_CORE__",
					"-mtune=native",
				);
				OTHER_LDFLAGS = (
					"$(OF_CORE_FRAMEWORKS)",
					"$(OF_CORE_LIBS)",
					../../openFrameworks/addons/ofxPoco/libs/poco/lib/osx/PocoNetSSL.a,
					../../openFrameworks/addons/ofxPoco/libs/poco/lib/osx/PocoNet.a,
					../../openFrameworks/addons/ofxPoco/libs/poco/lib/osx/PocoCrypto.a,
					../../openFrameworks/addons/ofxPoco/libs/poco/lib/osx/PocoUtil.a,
					../../openFrameworks/addons/ofxPoco/libs/poco/lib/osx/PocoJSON.a,
					../../openFrameworks/addons/ofxPoco/libs/poco/lib/osx/PocoXML.a,
					../../openFrameworks/addons/ofxPoco/libs/poco/lib/osx/PocoFoundation.a,
					../../openFrameworks/addons/ofxPoco/libs/openssl/lib/osx/crypto.a,
					../../openFrameworks/addons/ofxPoco/libs/openssl/lib/osx/ssl.a,
				);
				SDKROOT = macosx;
			};
			name = Debug;
		};
		E4B69B4F0A3A1720003C02F2 /* Release */ = {
			isa = XCBuildConfiguration;
			baseConfigurationReference = E4EB6923138AFD0F00A09F29 /* Project.xcconfig */;
			buildSettings = {
				CONFIGURATION_BUILD_DIR = "$(SRCROOT)/bin/";
				COPY_PHASE_STRIP = YES;
				DEAD_CODE_STRIPPING = YES;
				GCC_AUTO_VECTORIZATION = YES;
				GCC_ENABLE_SSE3_EXTENSIONS = YES;
				GCC_ENABLE_SUPPLEMENTAL_SSE3_INSTRUCTIONS = YES;
				GCC_INLINES_ARE_PRIVATE_EXTERN = NO;
				GCC_OPTIMIZATION_LEVEL = 3;
				GCC_SYMBOLS_PRIVATE_EXTERN = NO;
				GCC_UNROLL_LOOPS = YES;
				GCC_WARN_ABOUT_DEPRECATED_FUNCTIONS = YES;
				GCC_WARN_ABOUT_INVALID_OFFSETOF_MACRO = NO;
				GCC_WARN_ALLOW_INCOMPLETE_PROTOCOL = NO;
				GCC_WARN_UNINITIALIZED_AUTOS = NO;
				GCC_WARN_UNUSED_VALUE = NO;
				GCC_WARN_UNUSED_VARIABLE = NO;
				HEADER_SEARCH_PATHS = (
					"$(OF_CORE_HEADERS)",
					src,
					src/VideoGrabber,
					src/src,
					../../openFrameworks/addons/ofxPoco/libs/poco/include,
					../../openFrameworks/addons/ofxPoco/src,
					../../openFrameworks/addons/ofxPoco/libs/openssl/include,
				);
				MACOSX_DEPLOYMENT_TARGET = 10.9;
				OTHER_CPLUSPLUSFLAGS = (
					"-D__MACOSX_CORE__",
					"-mtune=native",
				);
				OTHER_LDFLAGS = (
					"$(OF_CORE_FRAMEWORKS)",
					"$(OF_CORE_LIBS)",
					../../openFrameworks/addons/ofxPoco/libs/poco/lib/osx/PocoNetSSL.a,
					../../openFrameworks/addons/ofxPoco/libs/poco/lib/osx/PocoNet.a,
					../../openFrameworks/addons/ofxPoco/libs/poco/lib/osx/PocoCrypto.a,
					../../openFrameworks/addons/ofxPoco/libs/poco/lib/osx/PocoUtil.a,
					../../openFrameworks/addons/ofxPoco/libs/poco/lib/osx/PocoJSON.a,
					../../openFrameworks/addons/ofxPoco/libs/poco/lib/osx/PocoXML.a,
					../../openFrameworks/addons/ofxPoco/libs/poco/lib/osx/PocoFoundation.a,
					../../openFrameworks/addons/ofxPoco/libs/openssl/lib/osx/crypto.a,
					../../openFrameworks/addons/ofxPoco/libs/openssl/lib/osx/ssl.a,
				);
				SDKROOT = macosx;
			};
			name = Release;
		};
		E4B69B600A3A1757003C02F2 /* Debug */ = {
			isa = XCBuildConfiguration;
			baseConfigurationReference = E4EB6923138AFD0F00A09F29 /* Project.xcconfig */;
			buildSettings = {
				COMBINE_HIDPI_IMAGES = YES;
				COPY_PHASE_STRIP = NO;
				FRAMEWORK_SEARCH_PATHS = "$(inherited)";
				GCC_DYNAMIC_NO_PIC = NO;
				GCC_GENERATE_DEBUGGING_SYMBOLS = YES;
				GCC_MODEL_TUNING = NONE;
				HEADER_SEARCH_PATHS = (
					"$(OF_CORE_HEADERS)",
					src,
					src/VideoGrabber,
					src/src,
					../../openFrameworks/addons/ofxPoco/libs/poco/include,
					../../openFrameworks/addons/ofxPoco/src,
					../../openFrameworks/addons/ofxPoco/libs/openssl/include,
				);
				ICON = "$(ICON_NAME_DEBUG)";
				ICON_FILE = "$(ICON_FILE_PATH)$(ICON)";
				INFOPLIST_FILE = "openFrameworks-Info.plist";
				INSTALL_PATH = /Applications;
				LIBRARY_SEARCH_PATHS = "$(inherited)";
				OTHER_LDFLAGS = (
					"$(OF_CORE_FRAMEWORKS)",
					"$(OF_CORE_LIBS)",
					../../openFrameworks/addons/ofxPoco/libs/poco/lib/osx/PocoNetSSL.a,
					../../openFrameworks/addons/ofxPoco/libs/poco/lib/osx/PocoNet.a,
					../../openFrameworks/addons/ofxPoco/libs/poco/lib/osx/PocoCrypto.a,
					../../openFrameworks/addons/ofxPoco/libs/poco/lib/osx/PocoUtil.a,
					../../openFrameworks/addons/ofxPoco/libs/poco/lib/osx/PocoJSON.a,
					../../openFrameworks/addons/ofxPoco/libs/poco/lib/osx/PocoXML.a,
					../../openFrameworks/addons/ofxPoco/libs/poco/lib/osx/PocoFoundation.a,
					../../openFrameworks/addons/ofxPoco/libs/openssl/lib/osx/crypto.a,
					../../openFrameworks/addons/ofxPoco/libs/openssl/lib/osx/ssl.a,
				);
				PRODUCT_NAME = "$(TARGET_NAME)Debug";
				WRAPPER_EXTENSION = app;
			};
			name = Debug;
		};
		E4B69B610A3A1757003C02F2 /* Release */ = {
			isa = XCBuildConfiguration;
			baseConfigurationReference = E4EB6923138AFD0F00A09F29 /* Project.xcconfig */;
			buildSettings = {
				COMBINE_HIDPI_IMAGES = YES;
				COPY_PHASE_STRIP = YES;
				FRAMEWORK_SEARCH_PATHS = "$(inherited)";
				GCC_GENERATE_DEBUGGING_SYMBOLS = YES;
				GCC_MODEL_TUNING = NONE;
				HEADER_SEARCH_PATHS = (
					"$(OF_CORE_HEADERS)",
					src,
					src/VideoGrabber,
					src/src,
					../../openFrameworks/addons/ofxPoco/libs/poco/include,
					../../openFrameworks/addons/ofxPoco/src,
					../../openFrameworks/addons/ofxPoco/libs/openssl/include,
				);
				ICON = "$(ICON_NAME_RELEASE)";
				ICON_FILE = "$(ICON_FILE_PATH)$(ICON)";
				INFOPLIST_FILE = "openFrameworks-Info.plist";
				INSTALL_PATH = /Applications;
				LIBRARY_SEARCH_PATHS = "$(inherited)";
				OTHER_LDFLAGS = (
					"$(OF_CORE_FRAMEWORKS)",
					"$(OF_CORE_LIBS)",
					../../openFrameworks/addons/ofxPoco/libs/poco/lib/osx/PocoNetSSL.a,
					../../openFrameworks/addons/ofxPoco/libs/poco/lib/osx/PocoNet.a,
					../../openFrameworks/addons/ofxPoco/libs/poco/lib/osx/PocoCrypto.a,
					../../openFrameworks/addons/ofxPoco/libs/poco/lib/osx/PocoUtil.a,
					../../openFrameworks/addons/ofxPoco/libs/poco/lib/osx/PocoJSON.a,
					../../openFrameworks/addons/ofxPoco/libs/poco/lib/osx/PocoXML.a,
					../../openFrameworks/addons/ofxPoco/libs/poco/lib/osx/PocoFoundation.a,
					../../openFrameworks/addons/ofxPoco/libs/openssl/lib/osx/crypto.a,
					../../openFrameworks/addons/ofxPoco/libs/openssl/lib/osx/ssl.a,
				);
				PRODUCT_NAME = "$(TARGET_NAME)";
				WRAPPER_EXTENSION = app;
				baseConfigurationReference = E4EB6923138AFD0F00A09F29;
			};
			name = Release;
		};
/* End XCBuildConfiguration section */

/* Begin XCConfigurationList section */
		E4B69B4D0A3A1720003C02F2 /* Build configuration list for PBXProject "bookofshaders" */ = {
			isa = XCConfigurationList;
			buildConfigurations = (
				E4B69B4E0A3A1720003C02F2 /* Debug */,
				E4B69B4F0A3A1720003C02F2 /* Release */,
				99FA3DBB1C7456C400CFA0EE /* AppStore */,
			);
			defaultConfigurationIsVisible = 0;
			defaultConfigurationName = Release;
		};
		E4B69B5F0A3A1757003C02F2 /* Build configuration list for PBXNativeTarget "bookofshaders" */ = {
			isa = XCConfigurationList;
			buildConfigurations = (
				E4B69B600A3A1757003C02F2 /* Debug */,
				E4B69B610A3A1757003C02F2 /* Release */,
				99FA3DBC1C7456C400CFA0EE /* AppStore */,
			);
			defaultConfigurationIsVisible = 0;
			defaultConfigurationName = Release;
		};
/* End XCConfigurationList section */
	};
	rootObject = E4B69B4C0A3A1720003C02F2 /* Project object */;
}
